
Microsoft Visual Studio Solution File, Format Version 12.00
Project("{FAE04EC0-301F-11D3-BF4B-00C04F79EFBC}") = "01. Threads", "01. Threads\01. Threads.csproj", "{9EE6098E-B3CC-4C04-A698-F1EA18A7A2C6}"
EndProject
Project("{FAE04EC0-301F-11D3-BF4B-00C04F79EFBC}") = "02. SharedData", "02. SharedData\02. SharedData.csproj", "{86BCF51F-5D1B-453D-AD15-F1B7501ADCBC}"
EndProject
Project("{FAE04EC0-301F-11D3-BF4B-00C04F79EFBC}") = "03. JoinAndSleep", "03. JoinAndSleep\03. JoinAndSleep.csproj", "{E0038445-980A-43B1-8FBC-2C40B1746559}"
EndProject
Project("{FAE04EC0-301F-11D3-BF4B-00C04F79EFBC}") = "04. ThreadPooling", "04. ThreadPooling\04. ThreadPooling.csproj", "{BC0D6E92-C320-47D8-8890-86EA5454D187}"
EndProject
Project("{FAE04EC0-301F-11D3-BF4B-00C04F79EFBC}") = "05. Locking", "05. Locking\05. Locking.csproj", "{7549B72A-34B8-4D68-87B6-7866B39050EF}"
EndProject
Project("{FAE04EC0-301F-11D3-BF4B-00C04F79EFBC}") = "06. Deadlock", "06. Deadlock\06. Deadlock.csproj", "{F4A173CF-CD16-4EC5-A9BC-F70AA0BFC4CC}"
EndProject
Project("{FAE04EC0-301F-11D3-BF4B-00C04F79EFBC}") = "07. Semaphores", "07. Semaphores\07. Semaphores.csproj", "{58758D85-39FB-43F5-9C3D-E6A6BA5E1F89}"
EndProject
Project("{FAE04EC0-301F-11D3-BF4B-00C04F79EFBC}") = "08. Events", "08. Events\08. Events.csproj", "{1A8B4EE7-C2E2-42E3-9B4B-687FD09C2BDE}"
EndProject
Project("{FAE04EC0-301F-11D3-BF4B-00C04F79EFBC}") = "09. Timer", "09. Timer\09. Timer.csproj", "{7C47A646-6351-4C01-AE8D-AFF66AF15CD1}"
EndProject
Project("{FAE04EC0-301F-11D3-BF4B-00C04F79EFBC}") = "10. BackgroundWorker", "10. BackgroundWorker\10. BackgroundWorker.csproj", "{CE888745-D7C3-4775-A122-CC00CB546F5E}"
EndProject
Project("{FAE04EC0-301F-11D3-BF4B-00C04F79EFBC}") = "11. Cancellation", "11. Cancellation\11. Cancellation.csproj", "{B09CDDC7-E1C1-42A5-A499-AD1B70C5C1FC}"
EndProject
Project("{FAE04EC0-301F-11D3-BF4B-00C04F79EFBC}") = "12. ConsumerProducerPattern", "12. ConsumerProducerPattern\12. ConsumerProducerPattern.csproj", "{6F8DD495-7039-4936-B4BB-EEEB99847A06}"
EndProject
Project("{FAE04EC0-301F-11D3-BF4B-00C04F79EFBC}") = "13. WaitPulse", "13. WaitPulse\13. WaitPulse.csproj", "{D6772549-0EA1-4862-B416-EBD739379B69}"
EndProject
Project("{FAE04EC0-301F-11D3-BF4B-00C04F79EFBC}") = "14. Barrier", "14. Barrier\14. Barrier.csproj", "{AB913C50-D875-4692-9670-CFF6585CD2F2}"
EndProject
Project("{FAE04EC0-301F-11D3-BF4B-00C04F79EFBC}") = "15. ReaderWriterLock", "15. ReaderWriterLock\15. ReaderWriterLock.csproj", "{10E0A59C-6F32-4F0A-99B6-752AD4BE2D88}"
EndProject
Project("{FAE04EC0-301F-11D3-BF4B-00C04F79EFBC}") = "16. PLINQ", "16. PLINQ\16. PLINQ.csproj", "{74AE7832-DB68-4543-AE27-AC13D6080E09}"
EndProject
Global
	GlobalSection(SolutionConfigurationPlatforms) = preSolution
		Debug|Any CPU = Debug|Any CPU
		Release|Any CPU = Release|Any CPU
	EndGlobalSection
	GlobalSection(ProjectConfigurationPlatforms) = postSolution
		{9EE6098E-B3CC-4C04-A698-F1EA18A7A2C6}.Debug|Any CPU.ActiveCfg = Debug|Any CPU
		{9EE6098E-B3CC-4C04-A698-F1EA18A7A2C6}.Debug|Any CPU.Build.0 = Debug|Any CPU
		{9EE6098E-B3CC-4C04-A698-F1EA18A7A2C6}.Release|Any CPU.ActiveCfg = Release|Any CPU
		{9EE6098E-B3CC-4C04-A698-F1EA18A7A2C6}.Release|Any CPU.Build.0 = Release|Any CPU
		{86BCF51F-5D1B-453D-AD15-F1B7501ADCBC}.Debug|Any CPU.ActiveCfg = Debug|Any CPU
		{86BCF51F-5D1B-453D-AD15-F1B7501ADCBC}.Debug|Any CPU.Build.0 = Debug|Any CPU
		{86BCF51F-5D1B-453D-AD15-F1B7501ADCBC}.Release|Any CPU.ActiveCfg = Release|Any CPU
		{86BCF51F-5D1B-453D-AD15-F1B7501ADCBC}.Release|Any CPU.Build.0 = Release|Any CPU
		{E0038445-980A-43B1-8FBC-2C40B1746559}.Debug|Any CPU.ActiveCfg = Debug|Any CPU
		{E0038445-980A-43B1-8FBC-2C40B1746559}.Debug|Any CPU.Build.0 = Debug|Any CPU
		{E0038445-980A-43B1-8FBC-2C40B1746559}.Release|Any CPU.ActiveCfg = Release|Any CPU
		{E0038445-980A-43B1-8FBC-2C40B1746559}.Release|Any CPU.Build.0 = Release|Any CPU
		{BC0D6E92-C320-47D8-8890-86EA5454D187}.Debug|Any CPU.ActiveCfg = Debug|Any CPU
		{BC0D6E92-C320-47D8-8890-86EA5454D187}.Debug|Any CPU.Build.0 = Debug|Any CPU
		{BC0D6E92-C320-47D8-8890-86EA5454D187}.Release|Any CPU.ActiveCfg = Release|Any CPU
		{BC0D6E92-C320-47D8-8890-86EA5454D187}.Release|Any CPU.Build.0 = Release|Any CPU
		{7549B72A-34B8-4D68-87B6-7866B39050EF}.Debug|Any CPU.ActiveCfg = Debug|Any CPU
		{7549B72A-34B8-4D68-87B6-7866B39050EF}.Debug|Any CPU.Build.0 = Debug|Any CPU
		{7549B72A-34B8-4D68-87B6-7866B39050EF}.Release|Any CPU.ActiveCfg = Release|Any CPU
		{7549B72A-34B8-4D68-87B6-7866B39050EF}.Release|Any CPU.Build.0 = Release|Any CPU
		{F4A173CF-CD16-4EC5-A9BC-F70AA0BFC4CC}.Debug|Any CPU.ActiveCfg = Debug|Any CPU
		{F4A173CF-CD16-4EC5-A9BC-F70AA0BFC4CC}.Debug|Any CPU.Build.0 = Debug|Any CPU
		{F4A173CF-CD16-4EC5-A9BC-F70AA0BFC4CC}.Release|Any CPU.ActiveCfg = Release|Any CPU
		{F4A173CF-CD16-4EC5-A9BC-F70AA0BFC4CC}.Release|Any CPU.Build.0 = Release|Any CPU
		{58758D85-39FB-43F5-9C3D-E6A6BA5E1F89}.Debug|Any CPU.ActiveCfg = Debug|Any CPU
		{58758D85-39FB-43F5-9C3D-E6A6BA5E1F89}.Debug|Any CPU.Build.0 = Debug|Any CPU
		{58758D85-39FB-43F5-9C3D-E6A6BA5E1F89}.Release|Any CPU.ActiveCfg = Release|Any CPU
		{58758D85-39FB-43F5-9C3D-E6A6BA5E1F89}.Release|Any CPU.Build.0 = Release|Any CPU
		{1A8B4EE7-C2E2-42E3-9B4B-687FD09C2BDE}.Debug|Any CPU.ActiveCfg = Debug|Any CPU
		{1A8B4EE7-C2E2-42E3-9B4B-687FD09C2BDE}.Debug|Any CPU.Build.0 = Debug|Any CPU
		{1A8B4EE7-C2E2-42E3-9B4B-687FD09C2BDE}.Release|Any CPU.ActiveCfg = Release|Any CPU
		{1A8B4EE7-C2E2-42E3-9B4B-687FD09C2BDE}.Release|Any CPU.Build.0 = Release|Any CPU
		{7C47A646-6351-4C01-AE8D-AFF66AF15CD1}.Debug|Any CPU.ActiveCfg = Debug|Any CPU
		{7C47A646-6351-4C01-AE8D-AFF66AF15CD1}.Debug|Any CPU.Build.0 = Debug|Any CPU
		{7C47A646-6351-4C01-AE8D-AFF66AF15CD1}.Release|Any CPU.ActiveCfg = Release|Any CPU
		{7C47A646-6351-4C01-AE8D-AFF66AF15CD1}.Release|Any CPU.Build.0 = Release|Any CPU
		{CE888745-D7C3-4775-A122-CC00CB546F5E}.Debug|Any CPU.ActiveCfg = Debug|Any CPU
		{CE888745-D7C3-4775-A122-CC00CB546F5E}.Debug|Any CPU.Build.0 = Debug|Any CPU
		{CE888745-D7C3-4775-A122-CC00CB546F5E}.Release|Any CPU.ActiveCfg = Release|Any CPU
		{CE888745-D7C3-4775-A122-CC00CB546F5E}.Release|Any CPU.Build.0 = Release|Any CPU
		{B09CDDC7-E1C1-42A5-A499-AD1B70C5C1FC}.Debug|Any CPU.ActiveCfg = Debug|Any CPU
		{B09CDDC7-E1C1-42A5-A499-AD1B70C5C1FC}.Debug|Any CPU.Build.0 = Debug|Any CPU
		{B09CDDC7-E1C1-42A5-A499-AD1B70C5C1FC}.Release|Any CPU.ActiveCfg = Release|Any CPU
		{B09CDDC7-E1C1-42A5-A499-AD1B70C5C1FC}.Release|Any CPU.Build.0 = Release|Any CPU
		{6F8DD495-7039-4936-B4BB-EEEB99847A06}.Debug|Any CPU.ActiveCfg = Debug|Any CPU
		{6F8DD495-7039-4936-B4BB-EEEB99847A06}.Debug|Any CPU.Build.0 = Debug|Any CPU
		{6F8DD495-7039-4936-B4BB-EEEB99847A06}.Release|Any CPU.ActiveCfg = Release|Any CPU
		{6F8DD495-7039-4936-B4BB-EEEB99847A06}.Release|Any CPU.Build.0 = Release|Any CPU
		{D6772549-0EA1-4862-B416-EBD739379B69}.Debug|Any CPU.ActiveCfg = Debug|Any CPU
		{D6772549-0EA1-4862-B416-EBD739379B69}.Debug|Any CPU.Build.0 = Debug|Any CPU
		{D6772549-0EA1-4862-B416-EBD739379B69}.Release|Any CPU.ActiveCfg = Release|Any CPU
		{D6772549-0EA1-4862-B416-EBD739379B69}.Release|Any CPU.Build.0 = Release|Any CPU
		{AB913C50-D875-4692-9670-CFF6585CD2F2}.Debug|Any CPU.ActiveCfg = Debug|Any CPU
		{AB913C50-D875-4692-9670-CFF6585CD2F2}.Debug|Any CPU.Build.0 = Debug|Any CPU
		{AB913C50-D875-4692-9670-CFF6585CD2F2}.Release|Any CPU.ActiveCfg = Release|Any CPU
		{AB913C50-D875-4692-9670-CFF6585CD2F2}.Release|Any CPU.Build.0 = Release|Any CPU
		{10E0A59C-6F32-4F0A-99B6-752AD4BE2D88}.Debug|Any CPU.ActiveCfg = Debug|Any CPU
		{10E0A59C-6F32-4F0A-99B6-752AD4BE2D88}.Debug|Any CPU.Build.0 = Debug|Any CPU
		{10E0A59C-6F32-4F0A-99B6-752AD4BE2D88}.Release|Any CPU.ActiveCfg = Release|Any CPU
		{10E0A59C-6F32-4F0A-99B6-752AD4BE2D88}.Release|Any CPU.Build.0 = Release|Any CPU
		{74AE7832-DB68-4543-AE27-AC13D6080E09}.Debug|Any CPU.ActiveCfg = Debug|Any CPU
		{74AE7832-DB68-4543-AE27-AC13D6080E09}.Debug|Any CPU.Build.0 = Debug|Any CPU
		{74AE7832-DB68-4543-AE27-AC13D6080E09}.Release|Any CPU.ActiveCfg = Release|Any CPU
		{74AE7832-DB68-4543-AE27-AC13D6080E09}.Release|Any CPU.Build.0 = Release|Any CPU
	EndGlobalSection
EndGlobal
